
Microsoft Visual Studio Solution File, Format Version 12.00
# Visual Studio Version 17
VisualStudioVersion = 17.0.31903.59
MinimumVisualStudioVersion = 10.0.40219.1
Project("{FAE04EC0-301F-11D3-BF4B-00C04F79EFBC}") = "TelegramBotController", "TelegramBotController\TelegramBotController.csproj", "{AB71BE74-AA29-4E37-ADA0-A032CB0F12F6}"
EndProject
Project("{2150E333-8FDC-42A3-9474-1A3956D46DE8}") = "WolfLive.Api.Source", "WolfLive.Api.Source", "{D6A34113-5F9B-4FB7-2917-A23AF5C0FAF6}"
EndProject
Project("{2150E333-8FDC-42A3-9474-1A3956D46DE8}") = "WolfLive.Api-main", "WolfLive.Api-main", "{6A38274D-8AC3-69DE-762E-6923ADFE0C3C}"
EndProject
Project("{FAE04EC0-301F-11D3-BF4B-00C04F79EFBC}") = "WolfLive.Api", "WolfLive.Api.Source\WolfLive.Api-main\WolfLive.Api\WolfLive.Api.csproj", "{F851E678-8F6A-4CA2-8C68-104DF97DE0C2}"
EndProject
Global
	GlobalSection(SolutionConfigurationPlatforms) = preSolution
		Debug|Any CPU = Debug|Any CPU
		Debug|x64 = Debug|x64
		Debug|x86 = Debug|x86
		Release|Any CPU = Release|Any CPU
		Release|x64 = Release|x64
		Release|x86 = Release|x86
	EndGlobalSection
	GlobalSection(ProjectConfigurationPlatforms) = postSolution
		{AB71BE74-AA29-4E37-ADA0-A032CB0F12F6}.Debug|Any CPU.ActiveCfg = Debug|Any CPU
		{AB71BE74-AA29-4E37-ADA0-A032CB0F12F6}.Debug|Any CPU.Build.0 = Debug|Any CPU
		{AB71BE74-AA29-4E37-ADA0-A032CB0F12F6}.Debug|x64.ActiveCfg = Debug|Any CPU
		{AB71BE74-AA29-4E37-ADA0-A032CB0F12F6}.Debug|x64.Build.0 = Debug|Any CPU
		{AB71BE74-AA29-4E37-ADA0-A032CB0F12F6}.Debug|x86.ActiveCfg = Debug|Any CPU
		{AB71BE74-AA29-4E37-ADA0-A032CB0F12F6}.Debug|x86.Build.0 = Debug|Any CPU
		{AB71BE74-AA29-4E37-ADA0-A032CB0F12F6}.Release|Any CPU.ActiveCfg = Release|Any CPU
		{AB71BE74-AA29-4E37-ADA0-A032CB0F12F6}.Release|Any CPU.Build.0 = Release|Any CPU
		{AB71BE74-AA29-4E37-ADA0-A032CB0F12F6}.Release|x64.ActiveCfg = Release|Any CPU
		{AB71BE74-AA29-4E37-ADA0-A032CB0F12F6}.Release|x64.Build.0 = Release|Any CPU
		{AB71BE74-AA29-4E37-ADA0-A032CB0F12F6}.Release|x86.ActiveCfg = Release|Any CPU
		{AB71BE74-AA29-4E37-ADA0-A032CB0F12F6}.Release|x86.Build.0 = Release|Any CPU
		{F851E678-8F6A-4CA2-8C68-104DF97DE0C2}.Debug|Any CPU.ActiveCfg = Debug|Any CPU
		{F851E678-8F6A-4CA2-8C68-104DF97DE0C2}.Debug|Any CPU.Build.0 = Debug|Any CPU
		{F851E678-8F6A-4CA2-8C68-104DF97DE0C2}.Debug|x64.ActiveCfg = Debug|Any CPU
		{F851E678-8F6A-4CA2-8C68-104DF97DE0C2}.Debug|x64.Build.0 = Debug|Any CPU
		{F851E678-8F6A-4CA2-8C68-104DF97DE0C2}.Debug|x86.ActiveCfg = Debug|Any CPU
		{F851E678-8F6A-4CA2-8C68-104DF97DE0C2}.Debug|x86.Build.0 = Debug|Any CPU
		{F851E678-8F6A-4CA2-8C68-104DF97DE0C2}.Release|Any CPU.ActiveCfg = Release|Any CPU
		{F851E678-8F6A-4CA2-8C68-104DF97DE0C2}.Release|Any CPU.Build.0 = Release|Any CPU
		{F851E678-8F6A-4CA2-8C68-104DF97DE0C2}.Release|x64.ActiveCfg = Release|Any CPU
		{F851E678-8F6A-4CA2-8C68-104DF97DE0C2}.Release|x64.Build.0 = Release|Any CPU
		{F851E678-8F6A-4CA2-8C68-104DF97DE0C2}.Release|x86.ActiveCfg = Release|Any CPU
		{F851E678-8F6A-4CA2-8C68-104DF97DE0C2}.Release|x86.Build.0 = Release|Any CPU
	EndGlobalSection
	GlobalSection(SolutionProperties) = preSolution
		HideSolutionNode = FALSE
	EndGlobalSection
	GlobalSection(NestedProjects) = preSolution
		{6A38274D-8AC3-69DE-762E-6923ADFE0C3C} = {D6A34113-5F9B-4FB7-2917-A23AF5C0FAF6}
		{F851E678-8F6A-4CA2-8C68-104DF97DE0C2} = {6A38274D-8AC3-69DE-762E-6923ADFE0C3C}
	EndGlobalSection
EndGlobal
